
Microsoft Visual Studio Solution File, Format Version 12.00
# Visual Studio Version 17
VisualStudioVersion = 17.2.32516.85
MinimumVisualStudioVersion = 10.0.40219.1
Project("{FAE04EC0-301F-11D3-BF4B-00C04F79EFBC}") = "JumperApp", "JumperApp\JumperApp.csproj", "{8BBCDD35-BE19-4603-B95D-0F3AC44C3215}"
EndProject
Global
	GlobalSection(SolutionConfigurationPlatforms) = preSolution
		Debug|Any CPU = Debug|Any CPU
		Release|Any CPU = Release|Any CPU
	EndGlobalSection
	GlobalSection(ProjectConfigurationPlatforms) = postSolution
		{8BBCDD35-BE19-4603-B95D-0F3AC44C3215}.Debug|Any CPU.ActiveCfg = Debug|Any CPU
		{8BBCDD35-BE19-4603-B95D-0F3AC44C3215}.Debug|Any CPU.Build.0 = Debug|Any CPU
		{8BBCDD35-BE19-4603-B95D-0F3AC44C3215}.Release|Any CPU.ActiveCfg = Release|Any CPU
		{8BBCDD35-BE19-4603-B95D-0F3AC44C3215}.Release|Any CPU.Build.0 = Release|Any CPU
	EndGlobalSection
	GlobalSection(SolutionProperties) = preSolution
		HideSolutionNode = FALSE
	EndGlobalSection
	GlobalSection(ExtensibilityGlobals) = postSolution
		SolutionGuid = {62634DF3-AB66-4789-B6F0-EDCA7B57D258}
	EndGlobalSection
EndGlobal
